
Microsoft Visual Studio Solution File, Format Version 12.00
# Visual Studio Version 17
VisualStudioVersion = 17.14.36221.1 d17.14
MinimumVisualStudioVersion = 10.0.40219.1
Project("{FAE04EC0-301F-11D3-BF4B-00C04F79EFBC}") = "CookMaster", "CookMaster.csproj", "{DC85DCB4-7395-45CB-9061-73020A1EB8CE}"
EndProject
Global
	GlobalSection(SolutionConfigurationPlatforms) = preSolution
		Debug|Any CPU = Debug|Any CPU
		Release|Any CPU = Release|Any CPU
	EndGlobalSection
	GlobalSection(ProjectConfigurationPlatforms) = postSolution
		{DC85DCB4-7395-45CB-9061-73020A1EB8CE}.Debug|Any CPU.ActiveCfg = Debug|Any CPU
		{DC85DCB4-7395-45CB-9061-73020A1EB8CE}.Debug|Any CPU.Build.0 = Debug|Any CPU
		{DC85DCB4-7395-45CB-9061-73020A1EB8CE}.Release|Any CPU.ActiveCfg = Release|Any CPU
		{DC85DCB4-7395-45CB-9061-73020A1EB8CE}.Release|Any CPU.Build.0 = Release|Any CPU
	EndGlobalSection
	GlobalSection(SolutionProperties) = preSolution
		HideSolutionNode = FALSE
	EndGlobalSection
	GlobalSection(ExtensibilityGlobals) = postSolution
		SolutionGuid = {A012C522-5177-47C0-B352-426AE195D482}
	EndGlobalSection
EndGlobal
